
Microsoft Visual Studio Solution File, Format Version 12.00
# Visual Studio Version 16
VisualStudioVersion = 16.0.32510.428
MinimumVisualStudioVersion = 10.0.40219.1
Project("{FAE04EC0-301F-11D3-BF4B-00C04F79EFBC}") = "WinForm1", "WinForm1.csproj", "{104774FA-E501-44FB-862A-072BE1443337}"
EndProject
Global
	GlobalSection(SolutionConfigurationPlatforms) = preSolution
		Debug|Any CPU = Debug|Any CPU
		Release|Any CPU = Release|Any CPU
	EndGlobalSection
	GlobalSection(ProjectConfigurationPlatforms) = postSolution
		{104774FA-E501-44FB-862A-072BE1443337}.Debug|Any CPU.ActiveCfg = Debug|Any CPU
		{104774FA-E501-44FB-862A-072BE1443337}.Debug|Any CPU.Build.0 = Debug|Any CPU
		{104774FA-E501-44FB-862A-072BE1443337}.Release|Any CPU.ActiveCfg = Release|Any CPU
		{104774FA-E501-44FB-862A-072BE1443337}.Release|Any CPU.Build.0 = Release|Any CPU
	EndGlobalSection
	GlobalSection(SolutionProperties) = preSolution
		HideSolutionNode = FALSE
	EndGlobalSection
	GlobalSection(ExtensibilityGlobals) = postSolution
		SolutionGuid = {9E5CECC7-5427-4B0F-8F9B-81411E19510B}
	EndGlobalSection
EndGlobal
